
Microsoft Visual Studio Solution File, Format Version 12.00
# Visual Studio Version 17
VisualStudioVersion = 17.5.33424.131
MinimumVisualStudioVersion = 10.0.40219.1
Project("{FAE04EC0-301F-11D3-BF4B-00C04F79EFBC}") = "StoryLines", "StoryLines.csproj", "{ABCF4774-42D4-4000-B91A-40F28DB334FD}"
EndProject
Global
	GlobalSection(SolutionConfigurationPlatforms) = preSolution
		Debug|Any CPU = Debug|Any CPU
		Release|Any CPU = Release|Any CPU
	EndGlobalSection
	GlobalSection(ProjectConfigurationPlatforms) = postSolution
		{ABCF4774-42D4-4000-B91A-40F28DB334FD}.Debug|Any CPU.ActiveCfg = Debug|Any CPU
		{ABCF4774-42D4-4000-B91A-40F28DB334FD}.Debug|Any CPU.Build.0 = Debug|Any CPU
		{ABCF4774-42D4-4000-B91A-40F28DB334FD}.Release|Any CPU.ActiveCfg = Release|Any CPU
		{ABCF4774-42D4-4000-B91A-40F28DB334FD}.Release|Any CPU.Build.0 = Release|Any CPU
	EndGlobalSection
	GlobalSection(SolutionProperties) = preSolution
		HideSolutionNode = FALSE
	EndGlobalSection
	GlobalSection(ExtensibilityGlobals) = postSolution
		SolutionGuid = {B512992C-0592-4A71-A3B3-E4B71DD24603}
	EndGlobalSection
EndGlobal
